<?xml version="1.0" encoding="utf-8"?>
<Project ToolsVersion="4.0" xmlns="http://schemas.microsoft.com/developer/msbuild/2003">
  <ItemGroup>
    <Filter Include="Source Files">
      <UniqueIdentifier>{4FC737F1-C7A5-4376-A066-2A32D752A2FF}</UniqueIdentifier>
      <Extensions>cpp;c;cc;cxx;def;odl;idl;hpj;bat;asm;asmx</Extensions>
    </Filter>
    <Filter Include="Header Files">
      <UniqueIdentifier>{93995380-89BD-4b04-88EB-625FBE52EBFB}</UniqueIdentifier>
      <Extensions>h;hpp;hxx;hm;inl;inc;xsd</Extensions>
    </Filter>
    <Filter Include="Resource Files">
      <UniqueIdentifier>{67DA6AB6-F800-4c08-8B7A-83BB121AAD01}</UniqueIdentifier>
      <Extensions>rc;ico;cur;bmp;dlg;rc2;rct;bin;rgs;gif;jpg;jpeg;jpe;resx;tiff;tif;png;wav</Extensions>
    </Filter>
  </ItemGroup>
  <ItemGroup>
    <ClCompile Include="splayTable.cpp">
      <Filter>Source Files</Filter>
    </ClCompile>
    <ClCompile Include="shortReadPairs.cpp">
      <Filter>Source Files</Filter>
    </ClCompile>
    <ClCompile Include="windows_port\localmath.cpp">
      <Filter>Source Files</Filter>
    </ClCompile>
    <ClCompile Include="windows_port\localtime.cpp">
      <Filter>Source Files</Filter>
    </ClCompile>
    <ClCompile Include="scaffold.cpp">
      <Filter>Source Files</Filter>
    </ClCompile>
    <ClCompile Include="readSet.cpp">
      <Filter>Source Files</Filter>
    </ClCompile>
    <ClCompile Include="readCoherentGraph.cpp">
      <Filter>Source Files</Filter>
    </ClCompile>
    <ClCompile Include="preGraphConstruction.cpp">
      <Filter>Source Files</Filter>
    </ClCompile>
    <ClCompile Include="preGraph.cpp">
      <Filter>Source Files</Filter>
    </ClCompile>
    <ClCompile Include="recycleBin.cpp">
      <Filter>Source Files</Filter>
    </ClCompile>
    <ClCompile Include="roadMap.cpp">
      <Filter>Source Files</Filter>
    </ClCompile>
    <ClCompile Include="kmerOccurenceTable.cpp">
      <Filter>Source Files</Filter>
    </ClCompile>
    <ClCompile Include="graphReConstruction.cpp">
      <Filter>Source Files</Filter>
    </ClCompile>
    <ClCompile Include="tightString.cpp">
      <Filter>Source Files</Filter>
    </ClCompile>
    <ClCompile Include="binarySequences.cpp">
      <Filter>Source Files</Filter>
    </ClCompile>
    <ClCompile Include="concatenatedGraph.cpp">
      <Filter>Source Files</Filter>
    </ClCompile>
    <ClCompile Include="concatenatedPreGraph.cpp">
      <Filter>Source Files</Filter>
    </ClCompile>
    <ClCompile Include="allocArray.cpp">
      <Filter>Source Files</Filter>
    </ClCompile>
    <ClCompile Include="autoOpen.cpp">
      <Filter>Source Files</Filter>
    </ClCompile>
    <ClCompile Include="correctedGraph.cpp">
      <Filter>Source Files</Filter>
    </ClCompile>
    <ClCompile Include="dfib.cpp">
      <Filter>Source Files</Filter>
    </ClCompile>
    <ClCompile Include="dfibHeap.cpp">
      <Filter>Source Files</Filter>
    </ClCompile>
    <ClCompile Include="fibHeap.cpp">
      <Filter>Source Files</Filter>
    </ClCompile>
    <ClCompile Include="fib.cpp">
      <Filter>Source Files</Filter>
    </ClCompile>
    <ClCompile Include="graph.cpp">
      <Filter>Source Files</Filter>
    </ClCompile>
    <ClCompile Include="graphStats.cpp">
      <Filter>Source Files</Filter>
    </ClCompile>
    <ClCompile Include="kmer.cpp">
      <Filter>Source Files</Filter>
    </ClCompile>
    <ClCompile Include="locallyCorrectedGraph.cpp">
      <Filter>Source Files</Filter>
    </ClCompile>
    <ClCompile Include="passageMarker.cpp">
      <Filter>Source Files</Filter>
    </ClCompile>
    <ClCompile Include="run2.cpp">
      <Filter>Source Files</Filter>
    </ClCompile>
    <ClCompile Include="splay.cpp">
      <Filter>Source Files</Filter>
    </ClCompile>
    <ClCompile Include="utility.cpp">
      <Filter>Source Files</Filter>
    </ClCompile>
    <ClCompile Include="windows_port\localmemory.cpp">
      <Filter>Source Files</Filter>
    </ClCompile>
  </ItemGroup>
  <ItemGroup>
    <ClInclude Include="allocArray.h">
      <Filter>Header Files</Filter>
    </ClInclude>
    <ClInclude Include="autoOpen.h">
      <Filter>Header Files</Filter>
    </ClInclude>
    <ClInclude Include="binarySequences.h">
      <Filter>Header Files</Filter>
    </ClInclude>
    <ClInclude Include="concatenatedGraph.h">
      <Filter>Header Files</Filter>
    </ClInclude>
    <ClInclude Include="concatenatedPreGraph.h">
      <Filter>Header Files</Filter>
    </ClInclude>
    <ClInclude Include="correctedGraph.h">
      <Filter>Header Files</Filter>
    </ClInclude>
    <ClInclude Include="dfib.h">
      <Filter>Header Files</Filter>
    </ClInclude>
    <ClInclude Include="dfibHeap.h">
      <Filter>Header Files</Filter>
    </ClInclude>
    <ClInclude Include="dfibpriv.h">
      <Filter>Header Files</Filter>
    </ClInclude>
    <ClInclude Include="fib.h">
      <Filter>Header Files</Filter>
    </ClInclude>
    <ClInclude Include="fibHeap.h">
      <Filter>Header Files</Filter>
    </ClInclude>
    <ClInclude Include="fibpriv.h">
      <Filter>Header Files</Filter>
    </ClInclude>
    <ClInclude Include="globals.h">
      <Filter>Header Files</Filter>
    </ClInclude>
    <ClInclude Include="graph.h">
      <Filter>Header Files</Filter>
    </ClInclude>
    <ClInclude Include="graphReConstruction.h">
      <Filter>Header Files</Filter>
    </ClInclude>
    <ClInclude Include="graphStats.h">
      <Filter>Header Files</Filter>
    </ClInclude>
    <ClInclude Include="kmer.h">
      <Filter>Header Files</Filter>
    </ClInclude>
    <ClInclude Include="kmerOccurenceTable.h">
      <Filter>Header Files</Filter>
    </ClInclude>
    <ClInclude Include="kseq.h">
      <Filter>Header Files</Filter>
    </ClInclude>
    <ClInclude Include="locallyCorrectedGraph.h">
      <Filter>Header Files</Filter>
    </ClInclude>
    <ClInclude Include="passageMarker.h">
      <Filter>Header Files</Filter>
    </ClInclude>
    <ClInclude Include="preGraph.h">
      <Filter>Header Files</Filter>
    </ClInclude>
    <ClInclude Include="preGraphConstruction.h">
      <Filter>Header Files</Filter>
    </ClInclude>
    <ClInclude Include="readCoherentGraph.h">
      <Filter>Header Files</Filter>
    </ClInclude>
    <ClInclude Include="readSet.h">
      <Filter>Header Files</Filter>
    </ClInclude>
    <ClInclude Include="recycleBin.h">
      <Filter>Header Files</Filter>
    </ClInclude>
    <ClInclude Include="roadMap.h">
      <Filter>Header Files</Filter>
    </ClInclude>
    <ClInclude Include="run.h">
      <Filter>Header Files</Filter>
    </ClInclude>
    <ClInclude Include="scaffold.h">
      <Filter>Header Files</Filter>
    </ClInclude>
    <ClInclude Include="shortReadPairs.h">
      <Filter>Header Files</Filter>
    </ClInclude>
    <ClInclude Include="splay.h">
      <Filter>Header Files</Filter>
    </ClInclude>
    <ClInclude Include="splayTable.h">
      <Filter>Header Files</Filter>
    </ClInclude>
    <ClInclude Include="tightString.h">
      <Filter>Header Files</Filter>
    </ClInclude>
    <ClInclude Include="utility.h">
      <Filter>Header Files</Filter>
    </ClInclude>
    <ClInclude Include="makeconfig.h">
      <Filter>Header Files</Filter>
    </ClInclude>
    <ClInclude Include="windows_port\localtime.h">
      <Filter>Header Files</Filter>
    </ClInclude>
    <ClInclude Include="windows_port\localmath.h">
      <Filter>Header Files</Filter>
    </ClInclude>
    <ClInclude Include="windows_port\localunistd.h">
      <Filter>Header Files</Filter>
    </ClInclude>
    <ClInclude Include="windows_port\localmemory.h">
      <Filter>Header Files</Filter>
    </ClInclude>
  </ItemGroup>
</Project>